# THIS IS AN AUTOGENERATED FILE. DO NOT EDIT THIS FILE DIRECTLY.
# yarn lockfile v1


"@sailshq/lodash@^3.10.2":
  "integrity" "sha512-YXJqp9gdHcZKAmBY/WnwFpPtNQp2huD/ME2YMurH2YHJvxrVzYsmpKw/pb7yINArRpp8E++fwbQd3ajYXGA45Q=="
  "resolved" "https://registry.npmjs.org/@sailshq/lodash/-/lodash-3.10.4.tgz"
  "version" "3.10.4"

"anchor@^1.4.0":
  "integrity" "sha512-xEu0UWxNa3p5v3MmXN9id5tsMSiniCyzWamf/R3KRkJieSRdXdAWu0Z+tXIpDZbbVLWZSMnD1VEguuYX2s9xag=="
  "resolved" "https://registry.npmjs.org/anchor/-/anchor-1.4.0.tgz"
  "version" "1.4.0"
  dependencies:
    "@sailshq/lodash" "^3.10.2"
    "validator" "5.7.0"

"validator@5.7.0":
  "integrity" "sha1-eoelgUa2laxIYHEUHAxJ1n2gXlw="
  "resolved" "https://registry.npmjs.org/validator/-/validator-5.7.0.tgz"
  "version" "5.7.0"
